{
  "requires": true,
  "lockfileVersion": 1,
  "dependencies": {
    "angular-calendar": {
      "version": "0.22.1",
      "resolved": "https://registry.npmjs.org/angular-calendar/-/angular-calendar-0.22.1.tgz",
      "integrity": "sha512-1CrNEvEqKTT8Mx66McNl4IjZwHopHlRWgMihu3U8Pct06kssivu968cBZ1M4bhKkVdd7J/Bwc94/PKR4Km64SQ==",
      "requires": {
        "angular-draggable-droppable": "1.1.1",
        "angular-resizable-element": "1.2.4",
        "calendar-utils": "0.0.58",
        "date-fns": "1.29.0",
        "positioning": "1.3.1"
      }
    },
    "angular-draggable-droppable": {
      "version": "1.1.1",
      "resolved": "https://registry.npmjs.org/angular-draggable-droppable/-/angular-draggable-droppable-1.1.1.tgz",
      "integrity": "sha512-peha7H6EtuigMcdsbRinTOqUbQf+TDQ/Sgxme0xs0/Rk6dpFDZdEw0G/O89BG0q1mNQyOnYMdgf+wX0OfJDp7g=="
    },
    "angular-resizable-element": {
      "version": "1.2.4",
      "resolved": "https://registry.npmjs.org/angular-resizable-element/-/angular-resizable-element-1.2.4.tgz",
      "integrity": "sha512-unMWXfmx02zfX4BUpvA+S+9/+QfXowRvS57jwGIV+Vhnl+9wTYHaHnoQS/dpiUpNrtuFw2K1V5/Fcz5ZHpxsww=="
    },
    "calendar-utils": {
      "version": "0.0.58",
      "resolved": "https://registry.npmjs.org/calendar-utils/-/calendar-utils-0.0.58.tgz",
      "integrity": "sha512-AWf6Tlt8fJAEuiFf/Cj+QpHtE7WvEHdbd+GECLXFrQ0Os2FKIGhodkOBLIb+vEReVnwZELeJISu55DGUO0+byw=="
    },
    "date-fns": {
      "version": "1.29.0",
      "resolved": "https://registry.npmjs.org/date-fns/-/date-fns-1.29.0.tgz",
      "integrity": "sha512-lbTXWZ6M20cWH8N9S6afb0SBm6tMk+uUg6z3MqHPKE9atmsY3kJkTm8vKe93izJ2B2+q5MV990sM2CHgtAZaOw=="
    },
    "ngx-bootstrap": {
      "version": "2.0.0-beta.9",
      "resolved": "https://registry.npmjs.org/ngx-bootstrap/-/ngx-bootstrap-2.0.0-beta.9.tgz",
      "integrity": "sha512-RnEwsRNv75RW7KvyN1WdJN32TqiAMqVcj16P2ZP742WtrSSLs1/HAZNlx57y8eomfC8wE3lGCcK5pfvjMy39Iw=="
    },
    "positioning": {
      "version": "1.3.1",
      "resolved": "https://registry.npmjs.org/positioning/-/positioning-1.3.1.tgz",
      "integrity": "sha512-9ac2qRSW1jAK2+MTZaAY/g1UKBBzSD6cfVq6ztKUW4zBcux/tCFq8FvDe4oen0Z3rfhZm4X1rwXaFrbLVrcC3Q=="
    }
  }
}
